lockfileVersion: '9.0'

settings:
  autoInstallPeers: true
  excludeLinksFromLockfile: false

importers:

  .:
    dependencies:
      '@openrouter/sdk':
        specifier: ^1.1.14
        version: 1.1.16
      chalk:
        specifier: ^6.0.0
        version: 6.0.0
      commander:
        specifier: ^15.0.0
        version: 15.0.0
      dotenv:
        specifier: ^17.4.2
        version: 17.4.2
      openai:
        specifier: ^6.49.0
        version: 6.49.0(zod@4.4.3)
      ora:
        specifier: ^9.4.1
        version: 9.4.1
      simple-git:
        specifier: ^3.36.0
        version: 3.36.0
      tree-sitter:
        specifier: ^0.25.1
        version: 0.25.1
      tree-sitter-c:
        specifier: ^0.24.1
        version: 0.24.1(tree-sitter@0.25.1)
      tree-sitter-c-sharp:
        specifier: ^0.23.5
        version: 0.23.5(tree-sitter@0.25.1)
      tree-sitter-cpp:
        specifier: ^0.23.4
        version: 0.23.4(tree-sitter@0.25.1)
      tree-sitter-go:
        specifier: ^0.25.0
        version: 0.25.0(tree-sitter@0.25.1)
      tree-sitter-java:
        specifier: ^0.23.5
        version: 0.23.5(tree-sitter@0.25.1)
      tree-sitter-javascript:
        specifier: ^0.25.0
        version: 0.25.0(tree-sitter@0.25.1)
      tree-sitter-php:
        specifier: ^0.24.2
        version: 0.24.2(tree-sitter@0.25.1)
      tree-sitter-python:
        specifier: ^0.25.0
        version: 0.25.0(tree-sitter@0.25.1)
      tree-sitter-ruby:
        specifier: ^0.23.1
        version: 0.23.1(tree-sitter@0.25.1)
      tree-sitter-rust:
        specifier: ^0.24.0
        version: 0.24.0(tree-sitter@0.25.1)
      tree-sitter-swift:
        specifier: ^0.7.1
        version: 0.7.1(tree-sitter@0.25.1)
      tree-sitter-typescript:
        specifier: ^0.23.2
        version: 0.23.2(tree-sitter@0.25.1)
      zod:
        specifier: ^4.4.3
        version: 4.4.3

  apps/cli:
    dependencies:
      '@openrouter/sdk':
        specifier: ^1.1.14
        version: 1.1.16
      chalk:
        specifier: ^6.0.0
        version: 6.0.0
      commander:
        specifier: ^15.0.0
        version: 15.0.0
      dotenv:
        specifier: ^17.4.2
        version: 17.4.2
      openai:
        specifier: ^6.49.0
        version: 6.49.0(zod@4.4.3)
      ora:
        specifier: ^9.4.1
        version: 9.4.1
      simple-git:
        specifier: ^3.36.0
        version: 3.36.0
      tree-sitter:
        specifier: ^0.25.1
        version: 0.25.1
      tree-sitter-c:
        specifier: ^0.24.1
        version: 0.24.1(tree-sitter@0.25.1)
      tree-sitter-c-sharp:
        specifier: ^0.23.5
        version: 0.23.5(tree-sitter@0.25.1)
      tree-sitter-cpp:
        specifier: ^0.23.4
        version: 0.23.4(tree-sitter@0.25.1)
      tree-sitter-go:
        specifier: ^0.25.0
        version: 0.25.0(tree-sitter@0.25.1)
      tree-sitter-java:
        specifier: ^0.23.5
        version: 0.23.5(tree-sitter@0.25.1)
      tree-sitter-javascript:
        specifier: ^0.25.0
        version: 0.25.0(tree-sitter@0.25.1)
      tree-sitter-php:
        specifier: ^0.24.2
        version: 0.24.2(tree-sitter@0.25.1)
      tree-sitter-python:
        specifier: ^0.25.0
        version: 0.25.0(tree-sitter@0.25.1)
      tree-sitter-ruby:
        specifier: ^0.23.1
        version: 0.23.1(tree-sitter@0.25.1)
      tree-sitter-rust:
        specifier: ^0.24.0
        version: 0.24.0(tree-sitter@0.25.1)
      tree-sitter-swift:
        specifier: ^0.7.1
        version: 0.7.1(tree-sitter@0.25.1)
      tree-sitter-typescript:
        specifier: ^0.23.2
        version: 0.23.2(tree-sitter@0.25.1)
      zod:
        specifier: ^4.4.3
        version: 4.4.3

packages:

  '@kwsites/file-exists@1.1.1':
    resolution: {integrity: sha512-m9/5YGR18lIwxSFDwfE3oA7bWuq9kdau6ugN4H2rJeyhFQZcG9AgSHkQtSD15a8WvTgfz9aikZMrKPHvbpqFiw==}

  '@kwsites/promise-deferred@1.1.1':
    resolution: {integrity: sha512-GaHYm+c0O9MjZRu0ongGBRbinu8gVAMd2UZjji6jVmqKtZluZnptXGWhz1E8j8D2HJ3f/yMxKAUC0b+57wncIw==}

  '@openrouter/sdk@1.1.16':
    resolution: {integrity: sha512-oNBFX+8wB2D+n8XhpKcvweHi+lxLdkYRDUNAQi6QRTpL/TcG1scMgST9LK05/d0WXk2oW2Sg854xzQ6vpxfmYg==}

  '@simple-git/args-pathspec@1.0.3':
    resolution: {integrity: sha512-ngJMaHlsWDTfjyq9F3VIQ8b7NXbBLq5j9i5bJ6XLYtD6qlDXT7fdKY2KscWWUF8t18xx052Y/PUO1K1TRc9yKA==}

  '@simple-git/argv-parser@1.1.1':
    resolution: {integrity: sha512-Q9lBcfQ+VQCpQqGJFHe5yooOS5hGdLFFbJ5R+R5aDsnkPCahtn1hSkMcORX65J2Z5lxSkD0lQorMsncuBQxYUw==}

  ansi-regex@6.2.2:
    resolution: {integrity: sha512-Bq3SmSpyFHaWjPk8If9yc6svM8c56dB5BAtW4Qbw5jHTwwXXcTLoRMkpDJp6VL0XzlWaCHTXrkFURMYmD0sLqg==}
    engines: {node: '>=12'}

  chalk@5.6.2:
    resolution: {integrity: sha512-7NzBL0rN6fMUW+f7A6Io4h40qQlG+xGmtMxfbnH/K7TAtt8JQWVQK+6g0UXKMeVJoyV5EkkNsErQ8pVD3bLHbA==}
    engines: {node: ^12.17.0 || ^14.13 || >=16.0.0}

  chalk@6.0.0:
    resolution: {integrity: sha512-2uNTXIuTTxk7ciZgAU1BQcgnchcG0xXnrs6jzkQfj9SsRa9M2s5zE8WT96hS6KmG4MzWHSrvH43DF1m4XRkrFg==}
    engines: {node: '>=22'}

  cli-cursor@5.0.0:
    resolution: {integrity: sha512-aCj4O5wKyszjMmDT4tZj93kxyydN/K5zPWSCe6/0AV/AA1pqe5ZBIw0a2ZfPQV7lL5/yb5HsUreJ6UFAF1tEQw==}
    engines: {node: '>=18'}

  cli-spinners@3.4.0:
    resolution: {integrity: sha512-bXfOC4QcT1tKXGorxL3wbJm6XJPDqEnij2gQ2m7ESQuE+/z9YFIWnl/5RpTiKWbMq3EVKR4fRLJGn6DVfu0mpw==}
    engines: {node: '>=18.20'}

  commander@15.0.0:
    resolution: {integrity: sha512-z67u4ZhzCL/Tydu1lJARtEZYWbWaN7oYLHbsuzocr6y4N6WZAagG3RQ4FW61V1/0+jImpj293XfrcYnd1qxtPg==}
    engines: {node: '>=22.12.0'}

  debug@4.4.3:
    resolution: {integrity: sha512-RGwwWnwQvkVfavKVt22FGLw+xYSdzARwm0ru6DhTVA3umU5hZc28V3kO4stgYryrTlLpuvgI9GiijltAjNbcqA==}
    engines: {node: '>=6.0'}
    peerDependencies:
      supports-color: '*'
    peerDependenciesMeta:
      supports-color:
        optional: true

  dotenv@17.4.2:
    resolution: {integrity: sha512-nI4U3TottKAcAD9LLud4Cb7b2QztQMUEfHbvhTH09bqXTxnSie8WnjPALV/WMCrJZ6UV/qHJ6L03OqO3LcdYZw==}
    engines: {node: '>=12'}

  get-east-asian-width@1.6.0:
    resolution: {integrity: sha512-QRbvDIbx6YklUe6RxeTeleMR0yv3cYH6PsPZHcnVn7xv7zO1BHN8r0XETu8n6Ye3Q+ahtSarc3WgtNWmehIBfA==}
    engines: {node: '>=18'}

  is-interactive@2.0.0:
    resolution: {integrity: sha512-qP1vozQRI+BMOPcjFzrjXuQvdak2pHNUMZoeG2eRbiSqyvbEf/wQtEOTOX1guk6E3t36RkaqiSt8A/6YElNxLQ==}
    engines: {node: '>=12'}

  is-unicode-supported@2.1.0:
    resolution: {integrity: sha512-mE00Gnza5EEB3Ds0HfMyllZzbBrmLOX3vfWoj9A9PEnTfratQ/BcaJOuMhnkhjXvb2+FkY3VuHqtAGpTPmglFQ==}
    engines: {node: '>=18'}

  isexe@2.0.0:
    resolution: {integrity: sha512-RHxMLp9lnKHGHRng9QFhRCMbYAcVpn69smSGcq3f36xjgVVWThj4qqLbTLlq7Ssj8B+fIQ1EuCEGI2lKsyQeIw==}

  log-symbols@7.0.1:
    resolution: {integrity: sha512-ja1E3yCr9i/0hmBVaM0bfwDjnGy8I/s6PP4DFp+yP+a+mrHO4Rm7DtmnqROTUkHIkqffC84YY7AeqX6oFk0WFg==}
    engines: {node: '>=18'}

  mimic-function@5.0.1:
    resolution: {integrity: sha512-VP79XUPxV2CigYP3jWwAUFSku2aKqBH7uTAapFWCBqutsbmDo96KY5o8uh6U+/YSIn5OxJnXp73beVkpqMIGhA==}
    engines: {node: '>=18'}

  ms@2.1.3:
    resolution: {integrity: sha512-6FlzubTLZG3J2a/NVCAleEhjzq5oxgHyaCU9yYXvcLsvoVaHJq/s5xXI6/XXP6tz7R9xAOtHnSO/tXtF3WRTlA==}

  node-addon-api@8.9.0:
    resolution: {integrity: sha512-ekZMeaaIzSQTSpr7X2X3iJM7lTzgnx8ahAG9pJfT/7+14mlEM8ZYQ9cgCDvSSRbReFK0oHli3WrZdCiRsgAT9Q==}
    engines: {node: ^18 || ^20 || >= 21}

  node-gyp-build@4.8.4:
    resolution: {integrity: sha512-LA4ZjwlnUblHVgq0oBF3Jl/6h/Nvs5fzBLwdEF4nuxnFdsfajde4WfxtJr3CaiH+F6ewcIB/q4jQ4UzPyid+CQ==}
    hasBin: true

  onetime@7.0.0:
    resolution: {integrity: sha512-VXJjc87FScF88uafS3JllDgvAm+c/Slfz06lorj2uAY34rlUu0Nt+v8wreiImcrgAjjIHp1rXpTDlLOGw29WwQ==}
    engines: {node: '>=18'}

  openai@6.49.0:
    resolution: {integrity: sha512-aYCc0C6L864eR6WSYIwQGyXriw/nIyZx0ObvhzOEVuk0zoBDpynjSbrionWI7q65B5H8jJX0DXR9snEzM6bfPg==}
    peerDependencies:
      '@aws-sdk/credential-provider-node': '>=3.972.0 <4'
      '@smithy/hash-node': '>=4.3.0 <5'
      '@smithy/signature-v4': '>=5.4.0 <6'
      ws: ^8.18.0
      zod: ^3.25 || ^4.0
    peerDependenciesMeta:
      '@aws-sdk/credential-provider-node':
        optional: true
      '@smithy/hash-node':
        optional: true
      '@smithy/signature-v4':
        optional: true
      ws:
        optional: true
      zod:
        optional: true

  ora@9.4.1:
    resolution: {integrity: sha512-6VlU9MLXbjVQD04AZCMX28hVtA5bUoadvUqO76MUCVA0ilwJbMiHsITRPfyVm6p/BC0Av/BXMujx39WCe1LEqw==}
    engines: {node: '>=20'}

  restore-cursor@5.1.0:
    resolution: {integrity: sha512-oMA2dcrw6u0YfxJQXm342bFKX/E4sG9rbTzO9ptUcR/e8A33cHuvStiYOwH7fszkZlZ1z/ta9AAoPk2F4qIOHA==}
    engines: {node: '>=18'}

  signal-exit@4.1.0:
    resolution: {integrity: sha512-bzyZ1e88w9O1iNJbKnOlvYTrWPDl46O1bG0D3XInv+9tkPrxrN8jUUTiFlDkkmKWgn1M6CfIA13SuGqOa9Korw==}
    engines: {node: '>=14'}

  simple-git@3.36.0:
    resolution: {integrity: sha512-cGQjLjK8bxJw4QuYT7gxHw3/IouVESbhahSsHrX97MzCL1gu2u7oy38W6L2ZIGECEfIBG4BabsWDPjBxJENv9Q==}

  stdin-discarder@0.3.2:
    resolution: {integrity: sha512-eCPu1qRxPVkl5605OTWF8Wz40b4Mf45NY5LQmVPQ599knfs5QhASUm9GbJ5BDMDOXgrnh0wyEdvzmL//YMlw0A==}
    engines: {node: '>=18'}

  string-width@8.2.2:
    resolution: {integrity: sha512-GaPUh5gfdrYzqeVNZvUfT23vYYxXzKYidUcnMtJg/3rxRV63EFZy3k6xfKlmfeJD0176lnUV/Usr3XcwSvFzpg==}
    engines: {node: '>=20'}

  strip-ansi@7.2.0:
    resolution: {integrity: sha512-yDPMNjp4WyfYBkHnjIRLfca1i6KMyGCtsVgoKe/z1+6vukgaENdgGBZt+ZmKPc4gavvEZ5OgHfHdrazhgNyG7w==}
    engines: {node: '>=12'}

  tree-sitter-c-sharp@0.23.5:
    resolution: {integrity: sha512-xJGOeXPMmld0nES5+080N/06yY6LQi+KWGWV4LfZaZe6srJPtUtfhIbRSN7EZN6IaauzW28v6W4QHFwmeUW6HQ==}
    peerDependencies:
      tree-sitter: ^0.25.0
    peerDependenciesMeta:
      tree-sitter:
        optional: true

  tree-sitter-c@0.23.6:
    resolution: {integrity: sha512-0dxXKznVyUA0s6PjNolJNs2yF87O5aL538A/eR6njA5oqX3C3vH4vnx3QdOKwuUdpKEcFdHuiDpRKLLCA/tjvQ==}
    peerDependencies:
      tree-sitter: ^0.22.1
    peerDependenciesMeta:
      tree-sitter:
        optional: true

  tree-sitter-c@0.24.1:
    resolution: {integrity: sha512-lkYwWN3SRecpvaeqmFKkuPNR3ZbtnvHU+4XAEEkJdrp3JfSp2pBrhXOtvfsENUneye76g889Y0ddF2DM0gEDpA==}
    peerDependencies:
      tree-sitter: ^0.22.4
    peerDependenciesMeta:
      tree-sitter:
        optional: true

  tree-sitter-cli@0.23.2:
    resolution: {integrity: sha512-kPPXprOqREX+C/FgUp2Qpt9jd0vSwn+hOgjzVv/7hapdoWpa+VeWId53rf4oNNd29ikheF12BYtGD/W90feMbA==}
    engines: {node: '>=12.0.0'}
    hasBin: true

  tree-sitter-cpp@0.23.4:
    resolution: {integrity: sha512-qR5qUDyhZ5jJ6V8/umiBxokRbe89bCGmcq/dk94wI4kN86qfdV8k0GHIUEKaqWgcu42wKal5E97LKpLeVW8sKw==}
    peerDependencies:
      tree-sitter: ^0.21.1
    peerDependenciesMeta:
      tree-sitter:
        optional: true

  tree-sitter-go@0.25.0:
    resolution: {integrity: sha512-APBc/Dq3xz/e35Xpkhb1blu5UgW+2E3RyGWawZSCNcbGwa7jhSQPS8KsUupuzBla8PCo8+lz9W/JDJjmfRa2tw==}
    peerDependencies:
      tree-sitter: ^0.25.0
    peerDependenciesMeta:
      tree-sitter:
        optional: true

  tree-sitter-java@0.23.5:
    resolution: {integrity: sha512-Yju7oQ0Xx7GcUT01mUglPP+bYfvqjNCGdxqigTnew9nLGoII42PNVP3bHrYeMxswiCRM0yubWmN5qk+zsg0zMA==}
    peerDependencies:
      tree-sitter: ^0.21.1
    peerDependenciesMeta:
      tree-sitter:
        optional: true

  tree-sitter-javascript@0.23.1:
    resolution: {integrity: sha512-/bnhbrTD9frUYHQTiYnPcxyHORIw157ERBa6dqzaKxvR/x3PC4Yzd+D1pZIMS6zNg2v3a8BZ0oK7jHqsQo9fWA==}
    peerDependencies:
      tree-sitter: ^0.21.1
    peerDependenciesMeta:
      tree-sitter:
        optional: true

  tree-sitter-javascript@0.25.0:
    resolution: {integrity: sha512-1fCbmzAskZkxcZzN41sFZ2br2iqTYP3tKls1b/HKGNPQUVOpsUxpmGxdN/wMqAk3jYZnYBR1dd/y/0avMeU7dw==}
    peerDependencies:
      tree-sitter: ^0.25.0
    peerDependenciesMeta:
      tree-sitter:
        optional: true

  tree-sitter-php@0.24.2:
    resolution: {integrity: sha512-zwgAePc/HozNaWOOfwRAA+3p8yhuehRw8Fb7vn5qd2XjiIc93uJPryDTMYTSjBRjVIUg/KY6pM3rRzs8dSwKfw==}
    peerDependencies:
      tree-sitter: ^0.22.4
    peerDependenciesMeta:
      tree-sitter:
        optional: true

  tree-sitter-python@0.25.0:
    resolution: {integrity: sha512-eCmJx6zQa35GxaCtQD+wXHOhYqBxEL+bp71W/s3fcDMu06MrtzkVXR437dRrCrbrDbyLuUDJpAgycs7ncngLXw==}
    peerDependencies:
      tree-sitter: ^0.25.0
    peerDependenciesMeta:
      tree-sitter:
        optional: true

  tree-sitter-ruby@0.23.1:
    resolution: {integrity: sha512-d9/RXgWjR6HanN7wTYhS5bpBQLz1VkH048Vm3CodPGyJVnamXMGb8oEhDypVCBq4QnHui9sTXuJBBP3WtCw5RA==}
    peerDependencies:
      tree-sitter: ^0.21.1
    peerDependenciesMeta:
      tree-sitter:
        optional: true

  tree-sitter-rust@0.24.0:
    resolution: {integrity: sha512-NWemUDf629Tfc90Y0Z55zuwPCAHkLxWnMf2RznYu4iBkkrQl2o/CHGB7Cr52TyN5F1DAx8FmUnDtCy9iUkXZEQ==}
    peerDependencies:
      tree-sitter: ^0.22.1
    peerDependenciesMeta:
      tree-sitter:
        optional: true

  tree-sitter-swift@0.7.1:
    resolution: {integrity: sha512-pneKVTuGamaBsqqqfB9BvNQjktzh/0IVPR54jLB5Fq/JTDQwYHd0Wo6pVyZ5jAYpbztzq+rJ/rpL9ruxTmSoKw==}
    peerDependencies:
      tree-sitter: ^0.22.1
      tree_sitter: '*'
    peerDependenciesMeta:
      tree_sitter:
        optional: true

  tree-sitter-typescript@0.23.2:
    resolution: {integrity: sha512-e04JUUKxTT53/x3Uq1zIL45DoYKVfHH4CZqwgZhPg5qYROl5nQjV+85ruFzFGZxu+QeFVbRTPDRnqL9UbU4VeA==}
    peerDependencies:
      tree-sitter: ^0.21.0
    peerDependenciesMeta:
      tree-sitter:
        optional: true

  tree-sitter@0.25.1:
    resolution: {integrity: sha512-mrcEdkYtHfrK1A6fs3O6FxkBo0Qig5XUXqHhxUOQu0bmPo00QF4XaSx4edpazdHwxnSCjlGKGgIqWdaN4dvTLA==}

  which@2.0.2:
    resolution: {integrity: sha512-BLI3Tl1TW3Pvl70l3yq3Y64i+awpwXqsGBYWkkqMtnbXgrMD+yj7rhW0kuEDxzJaYXGjEW5ogapKNMEKNMjibA==}
    engines: {node: '>= 8'}
    hasBin: true

  yoctocolors@2.2.0:
    resolution: {integrity: sha512-xYqdZFUK/VYazNl/oCDYN+3WloWQwMfZxBoiNt6qNyk+xfOdi598muWE42rNZFp1kNOiqW936q5RhUdnpqElSg==}
    engines: {node: '>=18'}

  zod@4.4.3:
    resolution: {integrity: sha512-ytENFjIJFl2UwYglde2jchW2Hwm4GJFLDiSXWdTrJQBIN9Fcyp7n4DhxJEiWNAJMV1/BqWfW/kkg71UDcHJyTQ==}

snapshots:

  '@kwsites/file-exists@1.1.1':
    dependencies:
      debug: 4.4.3
    transitivePeerDependencies:
      - supports-color

  '@kwsites/promise-deferred@1.1.1': {}

  '@openrouter/sdk@1.1.16':
    dependencies:
      zod: 4.4.3

  '@simple-git/args-pathspec@1.0.3': {}

  '@simple-git/argv-parser@1.1.1':
    dependencies:
      '@simple-git/args-pathspec': 1.0.3

  ansi-regex@6.2.2: {}

  chalk@5.6.2: {}

  chalk@6.0.0: {}

  cli-cursor@5.0.0:
    dependencies:
      restore-cursor: 5.1.0

  cli-spinners@3.4.0: {}

  commander@15.0.0: {}

  debug@4.4.3:
    dependencies:
      ms: 2.1.3

  dotenv@17.4.2: {}

  get-east-asian-width@1.6.0: {}

  is-interactive@2.0.0: {}

  is-unicode-supported@2.1.0: {}

  isexe@2.0.0: {}

  log-symbols@7.0.1:
    dependencies:
      is-unicode-supported: 2.1.0
      yoctocolors: 2.2.0

  mimic-function@5.0.1: {}

  ms@2.1.3: {}

  node-addon-api@8.9.0: {}

  node-gyp-build@4.8.4: {}

  onetime@7.0.0:
    dependencies:
      mimic-function: 5.0.1

  openai@6.49.0(zod@4.4.3):
    optionalDependencies:
      zod: 4.4.3

  ora@9.4.1:
    dependencies:
      chalk: 5.6.2
      cli-cursor: 5.0.0
      cli-spinners: 3.4.0
      is-interactive: 2.0.0
      is-unicode-supported: 2.1.0
      log-symbols: 7.0.1
      stdin-discarder: 0.3.2
      string-width: 8.2.2

  restore-cursor@5.1.0:
    dependencies:
      onetime: 7.0.0
      signal-exit: 4.1.0

  signal-exit@4.1.0: {}

  simple-git@3.36.0:
    dependencies:
      '@kwsites/file-exists': 1.1.1
      '@kwsites/promise-deferred': 1.1.1
      '@simple-git/args-pathspec': 1.0.3
      '@simple-git/argv-parser': 1.1.1
      debug: 4.4.3
    transitivePeerDependencies:
      - supports-color

  stdin-discarder@0.3.2: {}

  string-width@8.2.2:
    dependencies:
      get-east-asian-width: 1.6.0
      strip-ansi: 7.2.0

  strip-ansi@7.2.0:
    dependencies:
      ansi-regex: 6.2.2

  tree-sitter-c-sharp@0.23.5(tree-sitter@0.25.1):
    dependencies:
      node-addon-api: 8.9.0
      node-gyp-build: 4.8.4
    optionalDependencies:
      tree-sitter: 0.25.1

  tree-sitter-c@0.23.6(tree-sitter@0.25.1):
    dependencies:
      node-addon-api: 8.9.0
      node-gyp-build: 4.8.4
    optionalDependencies:
      tree-sitter: 0.25.1

  tree-sitter-c@0.24.1(tree-sitter@0.25.1):
    dependencies:
      node-addon-api: 8.9.0
      node-gyp-build: 4.8.4
    optionalDependencies:
      tree-sitter: 0.25.1

  tree-sitter-cli@0.23.2: {}

  tree-sitter-cpp@0.23.4(tree-sitter@0.25.1):
    dependencies:
      node-addon-api: 8.9.0
      node-gyp-build: 4.8.4
      tree-sitter-c: 0.23.6(tree-sitter@0.25.1)
    optionalDependencies:
      tree-sitter: 0.25.1

  tree-sitter-go@0.25.0(tree-sitter@0.25.1):
    dependencies:
      node-addon-api: 8.9.0
      node-gyp-build: 4.8.4
    optionalDependencies:
      tree-sitter: 0.25.1

  tree-sitter-java@0.23.5(tree-sitter@0.25.1):
    dependencies:
      node-addon-api: 8.9.0
      node-gyp-build: 4.8.4
    optionalDependencies:
      tree-sitter: 0.25.1

  tree-sitter-javascript@0.23.1(tree-sitter@0.25.1):
    dependencies:
      node-addon-api: 8.9.0
      node-gyp-build: 4.8.4
    optionalDependencies:
      tree-sitter: 0.25.1

  tree-sitter-javascript@0.25.0(tree-sitter@0.25.1):
    dependencies:
      node-addon-api: 8.9.0
      node-gyp-build: 4.8.4
    optionalDependencies:
      tree-sitter: 0.25.1

  tree-sitter-php@0.24.2(tree-sitter@0.25.1):
    dependencies:
      node-addon-api: 8.9.0
      node-gyp-build: 4.8.4
    optionalDependencies:
      tree-sitter: 0.25.1

  tree-sitter-python@0.25.0(tree-sitter@0.25.1):
    dependencies:
      node-addon-api: 8.9.0
      node-gyp-build: 4.8.4
    optionalDependencies:
      tree-sitter: 0.25.1

  tree-sitter-ruby@0.23.1(tree-sitter@0.25.1):
    dependencies:
      node-addon-api: 8.9.0
      node-gyp-build: 4.8.4
    optionalDependencies:
      tree-sitter: 0.25.1

  tree-sitter-rust@0.24.0(tree-sitter@0.25.1):
    dependencies:
      node-addon-api: 8.9.0
      node-gyp-build: 4.8.4
    optionalDependencies:
      tree-sitter: 0.25.1

  tree-sitter-swift@0.7.1(tree-sitter@0.25.1):
    dependencies:
      node-addon-api: 8.9.0
      node-gyp-build: 4.8.4
      tree-sitter: 0.25.1
      tree-sitter-cli: 0.23.2
      which: 2.0.2

  tree-sitter-typescript@0.23.2(tree-sitter@0.25.1):
    dependencies:
      node-addon-api: 8.9.0
      node-gyp-build: 4.8.4
      tree-sitter-javascript: 0.23.1(tree-sitter@0.25.1)
    optionalDependencies:
      tree-sitter: 0.25.1

  tree-sitter@0.25.1:
    dependencies:
      node-addon-api: 8.9.0
      node-gyp-build: 4.8.4

  which@2.0.2:
    dependencies:
      isexe: 2.0.0

  yoctocolors@2.2.0: {}

  zod@4.4.3: {}
